// !$*UTF8*$!
{
	archiveVersion = 1;
	classes = {
	};
	objectVersion = 51;
	objects = {

/* Begin PBXBuildFile section */
		29204FCD270A5F2400CE67EF /* LoginViewController.swift in Sources */ = {isa = PBXBuildFile; fileRef = 29204FCC270A5F2400CE67EF /* LoginViewController.swift */; };
		29204FCF270A5F3E00CE67EF /* FeedViewController.swift in Sources */ = {isa = PBXBuildFile; fileRef = 29204FCE270A5F3E00CE67EF /* FeedViewController.swift */; };
		29204FD1270A771200CE67EF /* CameraViewController.swift in Sources */ = {isa = PBXBuildFile; fileRef = 29204FD0270A771200CE67EF /* CameraViewController.swift */; };
		29204FD3270A898300CE67EF /* PostCell.swift in Sources */ = {isa = PBXBuildFile; fileRef = 29204FD2270A898300CE67EF /* PostCell.swift */; };
		29A548D92703EF8A0097A591 /* AppDelegate.swift in Sources */ = {isa = PBXBuildFile; fileRef = 29A548D82703EF8A0097A591 /* AppDelegate.swift */; };
		29A548DB2703EF8A0097A591 /* SceneDelegate.swift in Sources */ = {isa = PBXBuildFile; fileRef = 29A548DA2703EF8A0097A591 /* SceneDelegate.swift */; };
		29A548E02703EF8A0097A591 /* Main.storyboard in Resources */ = {isa = PBXBuildFile; fileRef = 29A548DE2703EF8A0097A591 /* Main.storyboard */; };
		29A548E22703EF8D0097A591 /* Assets.xcassets in Resources */ = {isa = PBXBuildFile; fileRef = 29A548E12703EF8D0097A591 /* Assets.xcassets */; };
		29A548E52703EF8D0097A591 /* LaunchScreen.storyboard in Resources */ = {isa = PBXBuildFile; fileRef = 29A548E32703EF8D0097A591 /* LaunchScreen.storyboard */; };
		29A548F02703EF8E0097A591 /* PostgramTests.swift in Sources */ = {isa = PBXBuildFile; fileRef = 29A548EF2703EF8E0097A591 /* PostgramTests.swift */; };
		29A548FB2703EF8E0097A591 /* PostgramUITests.swift in Sources */ = {isa = PBXBuildFile; fileRef = 29A548FA2703EF8E0097A591 /* PostgramUITests.swift */; };
		A2CCA4304EAB865145B64F78 /* Pods_Postgram_PostgramUITests.framework in Frameworks */ = {isa = PBXBuildFile; fileRef = B302615684D98983ACDD4517 /* Pods_Postgram_PostgramUITests.framework */; };
		AB16538659AA607D1B991844 /* Pods_PostgramTests.framework in Frameworks */ = {isa = PBXBuildFile; fileRef = 303FA83D9E94D72D9CF7E7D2 /* Pods_PostgramTests.framework */; };
		DDD3D8FB920EBD909AE58C07 /* Pods_Postgram.framework in Frameworks */ = {isa = PBXBuildFile; fileRef = C9C5C82B45EF14FB962CB81A /* Pods_Postgram.framework */; };
/* End PBXBuildFile section */

/* Begin PBXContainerItemProxy section */
		29A548EC2703EF8D0097A591 /* PBXContainerItemProxy */ = {
			isa = PBXContainerItemProxy;
			containerPortal = 29A548CD2703EF8A0097A591 /* Project object */;
			proxyType = 1;
			remoteGlobalIDString = 29A548D42703EF8A0097A591;
			remoteInfo = Postgram;
		};
		29A548F72703EF8E0097A591 /* PBXContainerItemProxy */ = {
			isa = PBXContainerItemProxy;
			containerPortal = 29A548CD2703EF8A0097A591 /* Project object */;
			proxyType = 1;
			remoteGlobalIDString = 29A548D42703EF8A0097A591;
			remoteInfo = Postgram;
		};
/* End PBXContainerItemProxy section */

/* Begin PBXFileReference section */
		29204FCC270A5F2400CE67EF /* LoginViewController.swift */ = {isa = PBXFileReference; lastKnownFileType = sourcecode.swift; path = LoginViewController.swift; sourceTree = "<group>"; };
		29204FCE270A5F3E00CE67EF /* FeedViewController.swift */ = {isa = PBXFileReference; lastKnownFileType = sourcecode.swift; path = FeedViewController.swift; sourceTree = "<group>"; };
		29204FD0270A771200CE67EF /* CameraViewController.swift */ = {isa = PBXFileReference; lastKnownFileType = sourcecode.swift; path = CameraViewController.swift; sourceTree = "<group>"; };
		29204FD2270A898300CE67EF /* PostCell.swift */ = {isa = PBXFileReference; lastKnownFileType = sourcecode.swift; path = PostCell.swift; sourceTree = "<group>"; };
		29A548D52703EF8A0097A591 /* Postgram.app */ = {isa = PBXFileReference; explicitFileType = wrapper.application; includeInIndex = 0; path = Postgram.app; sourceTree = BUILT_PRODUCTS_DIR; };
		29A548D82703EF8A0097A591 /* AppDelegate.swift */ = {isa = PBXFileReference; lastKnownFileType = sourcecode.swift; path = AppDelegate.swift; sourceTree = "<group>"; };
		29A548DA2703EF8A0097A591 /* SceneDelegate.swift */ = {isa = PBXFileReference; lastKnownFileType = sourcecode.swift; path = SceneDelegate.swift; sourceTree = "<group>"; };
		29A548DF2703EF8A0097A591 /* Base */ = {isa = PBXFileReference; lastKnownFileType = file.storyboard; name = Base; path = Base.lproj/Main.storyboard; sourceTree = "<group>"; };
		29A548E12703EF8D0097A591 /* Assets.xcassets */ = {isa = PBXFileReference; lastKnownFileType = folder.assetcatalog; path = Assets.xcassets; sourceTree = "<group>"; };
		29A548E42703EF8D0097A591 /* Base */ = {isa = PBXFileReference; lastKnownFileType = file.storyboard; name = Base; path = Base.lproj/LaunchScreen.storyboard; sourceTree = "<group>"; };
		29A548E62703EF8D0097A591 /* Info.plist */ = {isa = PBXFileReference; lastKnownFileType = text.plist.xml; path = Info.plist; sourceTree = "<group>"; };
		29A548EB2703EF8D0097A591 /* PostgramTests.xctest */ = {isa = PBXFileReference; explicitFileType = wrapper.cfbundle; includeInIndex = 0; path = PostgramTests.xctest; sourceTree = BUILT_PRODUCTS_DIR; };
		29A548EF2703EF8E0097A591 /* PostgramTests.swift */ = {isa = PBXFileReference; lastKnownFileType = sourcecode.swift; path = PostgramTests.swift; sourceTree = "<group>"; };
		29A548F12703EF8E0097A591 /* Info.plist */ = {isa = PBXFileReference; lastKnownFileType = text.plist.xml; path = Info.plist; sourceTree = "<group>"; };
		29A548F62703EF8E0097A591 /* PostgramUITests.xctest */ = {isa = PBXFileReference; explicitFileType = wrapper.cfbundle; includeInIndex = 0; path = PostgramUITests.xctest; sourceTree = BUILT_PRODUCTS_DIR; };
		29A548FA2703EF8E0097A591 /* PostgramUITests.swift */ = {isa = PBXFileReference; lastKnownFileType = sourcecode.swift; path = PostgramUITests.swift; sourceTree = "<group>"; };
		29A548FC2703EF8E0097A591 /* Info.plist */ = {isa = PBXFileReference; lastKnownFileType = text.plist.xml; path = Info.plist; sourceTree = "<group>"; };
		303FA83D9E94D72D9CF7E7D2 /* Pods_PostgramTests.framework */ = {isa = PBXFileReference; explicitFileType = wrapper.framework; includeInIndex = 0; path = Pods_PostgramTests.framework; sourceTree = BUILT_PRODUCTS_DIR; };
		3CE8DB5FD17958C8C61F92F8 /* Pods-PostgramTests.debug.xcconfig */ = {isa = PBXFileReference; includeInIndex = 1; lastKnownFileType = text.xcconfig; name = "Pods-PostgramTests.debug.xcconfig"; path = "Target Support Files/Pods-PostgramTests/Pods-PostgramTests.debug.xcconfig"; sourceTree = "<group>"; };
		50178BE6035EBCDAC5CDFA7B /* Pods-Postgram.release.xcconfig */ = {isa = PBXFileReference; includeInIndex = 1; lastKnownFileType = text.xcconfig; name = "Pods-Postgram.release.xcconfig"; path = "Target Support Files/Pods-Postgram/Pods-Postgram.release.xcconfig"; sourceTree = "<group>"; };
		B302615684D98983ACDD4517 /* Pods_Postgram_PostgramUITests.framework */ = {isa = PBXFileReference; explicitFileType = wrapper.framework; includeInIndex = 0; path = Pods_Postgram_PostgramUITests.framework; sourceTree = BUILT_PRODUCTS_DIR; };
		B9B4B3AB5AC6BF862A837D98 /* Pods-Postgram-PostgramUITests.debug.xcconfig */ = {isa = PBXFileReference; includeInIndex = 1; lastKnownFileType = text.xcconfig; name = "Pods-Postgram-PostgramUITests.debug.xcconfig"; path = "Target Support Files/Pods-Postgram-PostgramUITests/Pods-Postgram-PostgramUITests.debug.xcconfig"; sourceTree = "<group>"; };
		BAA598D8FE0B4E8D5A082A3D /* Pods-Postgram-PostgramUITests.release.xcconfig */ = {isa = PBXFileReference; includeInIndex = 1; lastKnownFileType = text.xcconfig; name = "Pods-Postgram-PostgramUITests.release.xcconfig"; path = "Target Support Files/Pods-Postgram-PostgramUITests/Pods-Postgram-PostgramUITests.release.xcconfig"; sourceTree = "<group>"; };
		C9C5C82B45EF14FB962CB81A /* Pods_Postgram.framework */ = {isa = PBXFileReference; explicitFileType = wrapper.framework; includeInIndex = 0; path = Pods_Postgram.framework; sourceTree = BUILT_PRODUCTS_DIR; };
		E7D731D0F78885F45F29C60D /* Pods-PostgramTests.release.xcconfig */ = {isa = PBXFileReference; includeInIndex = 1; lastKnownFileType = text.xcconfig; name = "Pods-PostgramTests.release.xcconfig"; path = "Target Support Files/Pods-PostgramTests/Pods-PostgramTests.release.xcconfig"; sourceTree = "<group>"; };
		F3E05561771AC3DC361C0E61 /* Pods-Postgram.debug.xcconfig */ = {isa = PBXFileReference; includeInIndex = 1; lastKnownFileType = text.xcconfig; name = "Pods-Postgram.debug.xcconfig"; path = "Target Support Files/Pods-Postgram/Pods-Postgram.debug.xcconfig"; sourceTree = "<group>"; };
/* End PBXFileReference section */

/* Begin PBXFrameworksBuildPhase section */
		29A548D22703EF8A0097A591 /* Frameworks */ = {
			isa = PBXFrameworksBuildPhase;
			buildActionMask = 2147483647;
			files = (
				DDD3D8FB920EBD909AE58C07 /* Pods_Postgram.framework in Frameworks */,
			);
			runOnlyForDeploymentPostprocessing = 0;
		};
		29A548E82703EF8D0097A591 /* Frameworks */ = {
			isa = PBXFrameworksBuildPhase;
			buildActionMask = 2147483647;
			files = (
				AB16538659AA607D1B991844 /* Pods_PostgramTests.framework in Frameworks */,
			);
			runOnlyForDeploymentPostprocessing = 0;
		};
		29A548F32703EF8E0097A591 /* Frameworks */ = {
			isa = PBXFrameworksBuildPhase;
			buildActionMask = 2147483647;
			files = (
				A2CCA4304EAB865145B64F78 /* Pods_Postgram_PostgramUITests.framework in Frameworks */,
			);
			runOnlyForDeploymentPostprocessing = 0;
		};
/* End PBXFrameworksBuildPhase section */

/* Begin PBXGroup section */
		29A548CC2703EF8A0097A591 = {
			isa = PBXGroup;
			children = (
				29A548D72703EF8A0097A591 /* Postgram */,
				29A548EE2703EF8D0097A591 /* PostgramTests */,
				29A548F92703EF8E0097A591 /* PostgramUITests */,
				29A548D62703EF8A0097A591 /* Products */,
				AE9CA1F5A536FAACC3519315 /* Pods */,
				8223F0E846E3BDAC4D762782 /* Frameworks */,
			);
			sourceTree = "<group>";
		};
		29A548D62703EF8A0097A591 /* Products */ = {
			isa = PBXGroup;
			children = (
				29A548D52703EF8A0097A591 /* Postgram.app */,
				29A548EB2703EF8D0097A591 /* PostgramTests.xctest */,
				29A548F62703EF8E0097A591 /* PostgramUITests.xctest */,
			);
			name = Products;
			sourceTree = "<group>";
		};
		29A548D72703EF8A0097A591 /* Postgram */ = {
			isa = PBXGroup;
			children = (
				29A548D82703EF8A0097A591 /* AppDelegate.swift */,
				29A548DA2703EF8A0097A591 /* SceneDelegate.swift */,
				29A548DE2703EF8A0097A591 /* Main.storyboard */,
				29A548E12703EF8D0097A591 /* Assets.xcassets */,
				29A548E32703EF8D0097A591 /* LaunchScreen.storyboard */,
				29A548E62703EF8D0097A591 /* Info.plist */,
				29204FCC270A5F2400CE67EF /* LoginViewController.swift */,
				29204FCE270A5F3E00CE67EF /* FeedViewController.swift */,
				29204FD0270A771200CE67EF /* CameraViewController.swift */,
				29204FD2270A898300CE67EF /* PostCell.swift */,
			);
			path = Postgram;
			sourceTree = "<group>";
		};
		29A548EE2703EF8D0097A591 /* PostgramTests */ = {
			isa = PBXGroup;
			children = (
				29A548EF2703EF8E0097A591 /* PostgramTests.swift */,
				29A548F12703EF8E0097A591 /* Info.plist */,
			);
			path = PostgramTests;
			sourceTree = "<group>";
		};
		29A548F92703EF8E0097A591 /* PostgramUITests */ = {
			isa = PBXGroup;
			children = (
				29A548FA2703EF8E0097A591 /* PostgramUITests.swift */,
				29A548FC2703EF8E0097A591 /* Info.plist */,
			);
			path = PostgramUITests;
			sourceTree = "<group>";
		};
		8223F0E846E3BDAC4D762782 /* Frameworks */ = {
			isa = PBXGroup;
			children = (
				C9C5C82B45EF14FB962CB81A /* Pods_Postgram.framework */,
				B302615684D98983ACDD4517 /* Pods_Postgram_PostgramUITests.framework */,
				303FA83D9E94D72D9CF7E7D2 /* Pods_PostgramTests.framework */,
			);
			name = Frameworks;
			sourceTree = "<group>";
		};
		AE9CA1F5A536FAACC3519315 /* Pods */ = {
			isa = PBXGroup;
			children = (
				F3E05561771AC3DC361C0E61 /* Pods-Postgram.debug.xcconfig */,
				50178BE6035EBCDAC5CDFA7B /* Pods-Postgram.release.xcconfig */,
				B9B4B3AB5AC6BF862A837D98 /* Pods-Postgram-PostgramUITests.debug.xcconfig */,
				BAA598D8FE0B4E8D5A082A3D /* Pods-Postgram-PostgramUITests.release.xcconfig */,
				3CE8DB5FD17958C8C61F92F8 /* Pods-PostgramTests.debug.xcconfig */,
				E7D731D0F78885F45F29C60D /* Pods-PostgramTests.release.xcconfig */,
			);
			path = Pods;
			sourceTree = "<group>";
		};
/* End PBXGroup section */

/* Begin PBXNativeTarget section */
		29A548D42703EF8A0097A591 /* Postgram */ = {
			isa = PBXNativeTarget;
			buildConfigurationList = 29A548FF2703EF8E0097A591 /* Build configuration list for PBXNativeTarget "Postgram" */;
			buildPhases = (
				52200586188AC56F4FA59FED /* [CP] Check Pods Manifest.lock */,
				29A548D12703EF8A0097A591 /* Sources */,
				29A548D22703EF8A0097A591 /* Frameworks */,
				29A548D32703EF8A0097A591 /* Resources */,
				48ABB15F9E1CD3A6CABC1548 /* [CP] Embed Pods Frameworks */,
			);
			buildRules = (
			);
			dependencies = (
			);
			name = Postgram;
			productName = Postgram;
			productReference = 29A548D52703EF8A0097A591 /* Postgram.app */;
			productType = "com.apple.product-type.application";
		};
		29A548EA2703EF8D0097A591 /* PostgramTests */ = {
			isa = PBXNativeTarget;
			buildConfigurationList = 29A549022703EF8E0097A591 /* Build configuration list for PBXNativeTarget "PostgramTests" */;
			buildPhases = (
				47AE8090C56B34B65A994151 /* [CP] Check Pods Manifest.lock */,
				29A548E72703EF8D0097A591 /* Sources */,
				29A548E82703EF8D0097A591 /* Frameworks */,
				29A548E92703EF8D0097A591 /* Resources */,
			);
			buildRules = (
			);
			dependencies = (
				29A548ED2703EF8D0097A591 /* PBXTargetDependency */,
			);
			name = PostgramTests;
			productName = PostgramTests;
			productReference = 29A548EB2703EF8D0097A591 /* PostgramTests.xctest */;
			productType = "com.apple.product-type.bundle.unit-test";
		};
		29A548F52703EF8E0097A591 /* PostgramUITests */ = {
			isa = PBXNativeTarget;
			buildConfigurationList = 29A549052703EF8E0097A591 /* Build configuration list for PBXNativeTarget "PostgramUITests" */;
			buildPhases = (
				E8986B22D1DBFD73B43AD2B9 /* [CP] Check Pods Manifest.lock */,
				29A548F22703EF8E0097A591 /* Sources */,
				29A548F32703EF8E0097A591 /* Frameworks */,
				29A548F42703EF8E0097A591 /* Resources */,
				5C55B540FABE82CBDCD81162 /* [CP] Embed Pods Frameworks */,
			);
			buildRules = (
			);
			dependencies = (
				29A548F82703EF8E0097A591 /* PBXTargetDependency */,
			);
			name = PostgramUITests;
			productName = PostgramUITests;
			productReference = 29A548F62703EF8E0097A591 /* PostgramUITests.xctest */;
			productType = "com.apple.product-type.bundle.ui-testing";
		};
/* End PBXNativeTarget section */

/* Begin PBXProject section */
		29A548CD2703EF8A0097A591 /* Project object */ = {
			isa = PBXProject;
			attributes = {
				LastSwiftUpdateCheck = 1250;
				LastUpgradeCheck = 1250;
				TargetAttributes = {
					29A548D42703EF8A0097A591 = {
						CreatedOnToolsVersion = 12.5.1;
					};
					29A548EA2703EF8D0097A591 = {
						CreatedOnToolsVersion = 12.5.1;
						TestTargetID = 29A548D42703EF8A0097A591;
					};
					29A548F52703EF8E0097A591 = {
						CreatedOnToolsVersion = 12.5.1;
						TestTargetID = 29A548D42703EF8A0097A591;
					};
				};
			};
			buildConfigurationList = 29A548D02703EF8A0097A591 /* Build configuration list for PBXProject "Postgram" */;
			compatibilityVersion = "Xcode 9.3";
			developmentRegion = en;
			hasScannedForEncodings = 0;
			knownRegions = (
				en,
				Base,
			);
			mainGroup = 29A548CC2703EF8A0097A591;
			productRefGroup = 29A548D62703EF8A0097A591 /* Products */;
			projectDirPath = "";
			projectRoot = "";
			targets = (
				29A548D42703EF8A0097A591 /* Postgram */,
				29A548EA2703EF8D0097A591 /* PostgramTests */,
				29A548F52703EF8E0097A591 /* PostgramUITests */,
			);
		};
/* End PBXProject section */

/* Begin PBXResourcesBuildPhase section */
		29A548D32703EF8A0097A591 /* Resources */ = {
			isa = PBXResourcesBuildPhase;
			buildActionMask = 2147483647;
			files = (
				29A548E52703EF8D0097A591 /* LaunchScreen.storyboard in Resources */,
				29A548E22703EF8D0097A591 /* Assets.xcassets in Resources */,
				29A548E02703EF8A0097A591 /* Main.storyboard in Resources */,
			);
			runOnlyForDeploymentPostprocessing = 0;
		};
		29A548E92703EF8D0097A591 /* Resources */ = {
			isa = PBXResourcesBuildPhase;
			buildActionMask = 2147483647;
			files = (
			);
			runOnlyForDeploymentPostprocessing = 0;
		};
		29A548F42703EF8E0097A591 /* Resources */ = {
			isa = PBXResourcesBuildPhase;
			buildActionMask = 2147483647;
			files = (
			);
			runOnlyForDeploymentPostprocessing = 0;
		};
/* End PBXResourcesBuildPhase section */

/* Begin PBXShellScriptBuildPhase section */
		47AE8090C56B34B65A994151 /* [CP] Check Pods Manifest.lock */ = {
			isa = PBXShellScriptBuildPhase;
			buildActionMask = 2147483647;
			files = (
			);
			inputFileListPaths = (
			);
			inputPaths = (
				"${PODS_PODFILE_DIR_PATH}/Podfile.lock",
				"${PODS_ROOT}/Manifest.lock",
			);
			name = "[CP] Check Pods Manifest.lock";
			outputFileListPaths = (
			);
			outputPaths = (
				"$(DERIVED_FILE_DIR)/Pods-PostgramTests-checkManifestLockResult.txt",
			);
			runOnlyForDeploymentPostprocessing = 0;
			shellPath = /bin/sh;
			shellScript = "diff \"${PODS_PODFILE_DIR_PATH}/Podfile.lock\" \"${PODS_ROOT}/Manifest.lock\" > /dev/null\nif [ $? != 0 ] ; then\n    # print error to STDERR\n    echo \"error: The sandbox is not in sync with the Podfile.lock. Run 'pod install' or update your CocoaPods installation.\" >&2\n    exit 1\nfi\n# This output is used by Xcode 'outputs' to avoid re-running this script phase.\necho \"SUCCESS\" > \"${SCRIPT_OUTPUT_FILE_0}\"\n";
			showEnvVarsInLog = 0;
		};
		48ABB15F9E1CD3A6CABC1548 /* [CP] Embed Pods Frameworks */ = {
			isa = PBXShellScriptBuildPhase;
			buildActionMask = 2147483647;
			files = (
			);
			inputFileListPaths = (
				"${PODS_ROOT}/Target Support Files/Pods-Postgram/Pods-Postgram-frameworks-${CONFIGURATION}-input-files.xcfilelist",
			);
			name = "[CP] Embed Pods Frameworks";
			outputFileListPaths = (
				"${PODS_ROOT}/Target Support Files/Pods-Postgram/Pods-Postgram-frameworks-${CONFIGURATION}-output-files.xcfilelist",
			);
			runOnlyForDeploymentPostprocessing = 0;
			shellPath = /bin/sh;
			shellScript = "\"${PODS_ROOT}/Target Support Files/Pods-Postgram/Pods-Postgram-frameworks.sh\"\n";
			showEnvVarsInLog = 0;
		};
		52200586188AC56F4FA59FED /* [CP] Check Pods Manifest.lock */ = {
			isa = PBXShellScriptBuildPhase;
			buildActionMask = 2147483647;
			files = (
			);
			inputFileListPaths = (
			);
			inputPaths = (
				"${PODS_PODFILE_DIR_PATH}/Podfile.lock",
				"${PODS_ROOT}/Manifest.lock",
			);
			name = "[CP] Check Pods Manifest.lock";
			outputFileListPaths = (
			);
			outputPaths = (
				"$(DERIVED_FILE_DIR)/Pods-Postgram-checkManifestLockResult.txt",
			);
			runOnlyForDeploymentPostprocessing = 0;
			shellPath = /bin/sh;
			shellScript = "diff \"${PODS_PODFILE_DIR_PATH}/Podfile.lock\" \"${PODS_ROOT}/Manifest.lock\" > /dev/null\nif [ $? != 0 ] ; then\n    # print error to STDERR\n    echo \"error: The sandbox is not in sync with the Podfile.lock. Run 'pod install' or update your CocoaPods installation.\" >&2\n    exit 1\nfi\n# This output is used by Xcode 'outputs' to avoid re-running this script phase.\necho \"SUCCESS\" > \"${SCRIPT_OUTPUT_FILE_0}\"\n";
			showEnvVarsInLog = 0;
		};
		5C55B540FABE82CBDCD81162 /* [CP] Embed Pods Frameworks */ = {
			isa = PBXShellScriptBuildPhase;
			buildActionMask = 2147483647;
			files = (
			);
			inputFileListPaths = (
				"${PODS_ROOT}/Target Support Files/Pods-Postgram-PostgramUITests/Pods-Postgram-PostgramUITests-frameworks-${CONFIGURATION}-input-files.xcfilelist",
			);
			name = "[CP] Embed Pods Frameworks";
			outputFileListPaths = (
				"${PODS_ROOT}/Target Support Files/Pods-Postgram-PostgramUITests/Pods-Postgram-PostgramUITests-frameworks-${CONFIGURATION}-output-files.xcfilelist",
			);
			runOnlyForDeploymentPostprocessing = 0;
			shellPath = /bin/sh;
			shellScript = "\"${PODS_ROOT}/Target Support Files/Pods-Postgram-PostgramUITests/Pods-Postgram-PostgramUITests-frameworks.sh\"\n";
			showEnvVarsInLog = 0;
		};
		E8986B22D1DBFD73B43AD2B9 /* [CP] Check Pods Manifest.lock */ = {
			isa = PBXShellScriptBuildPhase;
			buildActionMask = 2147483647;
			files = (
			);
			inputFileListPaths = (
			);
			inputPaths = (
				"${PODS_PODFILE_DIR_PATH}/Podfile.lock",
				"${PODS_ROOT}/Manifest.lock",
			);
			name = "[CP] Check Pods Manifest.lock";
			outputFileListPaths = (
			);
			outputPaths = (
				"$(DERIVED_FILE_DIR)/Pods-Postgram-PostgramUITests-checkManifestLockResult.txt",
			);
			runOnlyForDeploymentPostprocessing = 0;
			shellPath = /bin/sh;
			shellScript = "diff \"${PODS_PODFILE_DIR_PATH}/Podfile.lock\" \"${PODS_ROOT}/Manifest.lock\" > /dev/null\nif [ $? != 0 ] ; then\n    # print error to STDERR\n    echo \"error: The sandbox is not in sync with the Podfile.lock. Run 'pod install' or update your CocoaPods installation.\" >&2\n    exit 1\nfi\n# This output is used by Xcode 'outputs' to avoid re-running this script phase.\necho \"SUCCESS\" > \"${SCRIPT_OUTPUT_FILE_0}\"\n";
			showEnvVarsInLog = 0;
		};
/* End PBXShellScriptBuildPhase section */

/* Begin PBXSourcesBuildPhase section */
		29A548D12703EF8A0097A591 /* Sources */ = {
			isa = PBXSourcesBuildPhase;
			buildActionMask = 2147483647;
			files = (
				29204FCD270A5F2400CE67EF /* LoginViewController.swift in Sources */,
				29204FD1270A771200CE67EF /* CameraViewController.swift in Sources */,
				29A548D92703EF8A0097A591 /* AppDelegate.swift in Sources */,
				29204FD3270A898300CE67EF /* PostCell.swift in Sources */,
				29204FCF270A5F3E00CE67EF /* FeedViewController.swift in Sources */,
				29A548DB2703EF8A0097A591 /* SceneDelegate.swift in Sources */,
			);
			runOnlyForDeploymentPostprocessing = 0;
		};
		29A548E72703EF8D0097A591 /* Sources */ = {
			isa = PBXSourcesBuildPhase;
			buildActionMask = 2147483647;
			files = (
				29A548F02703EF8E0097A591 /* PostgramTests.swift in Sources */,
			);
			runOnlyForDeploymentPostprocessing = 0;
		};
		29A548F22703EF8E0097A591 /* Sources */ = {
			isa = PBXSourcesBuildPhase;
			buildActionMask = 2147483647;
			files = (
				29A548FB2703EF8E0097A591 /* PostgramUITests.swift in Sources */,
			);
			runOnlyForDeploymentPostprocessing = 0;
		};
/* End PBXSourcesBuildPhase section */

/* Begin PBXTargetDependency section */
		29A548ED2703EF8D0097A591 /* PBXTargetDependency */ = {
			isa = PBXTargetDependency;
			target = 29A548D42703EF8A0097A591 /* Postgram */;
			targetProxy = 29A548EC2703EF8D0097A591 /* PBXContainerItemProxy */;
		};
		29A548F82703EF8E0097A591 /* PBXTargetDependency */ = {
			isa = PBXTargetDependency;
			target = 29A548D42703EF8A0097A591 /* Postgram */;
			targetProxy = 29A548F72703EF8E0097A591 /* PBXContainerItemProxy */;
		};
/* End PBXTargetDependency section */

/* Begin PBXVariantGroup section */
		29A548DE2703EF8A0097A591 /* Main.storyboard */ = {
			isa = PBXVariantGroup;
			children = (
				29A548DF2703EF8A0097A591 /* Base */,
			);
			name = Main.storyboard;
			sourceTree = "<group>";
		};
		29A548E32703EF8D0097A591 /* LaunchScreen.storyboard */ = {
			isa = PBXVariantGroup;
			children = (
				29A548E42703EF8D0097A591 /* Base */,
			);
			name = LaunchScreen.storyboard;
			sourceTree = "<group>";
		};
/* End PBXVariantGroup section */

/* Begin XCBuildConfiguration section */
		29A548FD2703EF8E0097A591 /* Debug */ = {
			isa = XCBuildConfiguration;
			buildSettings = {
				ALWAYS_SEARCH_USER_PATHS = NO;
				CLANG_ANALYZER_NONNULL = YES;
				CLANG_ANALYZER_NUMBER_OBJECT_CONVERSION = YES_AGGRESSIVE;
				CLANG_CXX_LANGUAGE_STANDARD = "gnu++14";
				CLANG_CXX_LIBRARY = "libc++";
				CLANG_ENABLE_MODULES = YES;
				CLANG_ENABLE_OBJC_ARC = YES;
				CLANG_ENABLE_OBJC_WEAK = YES;
				CLANG_WARN_BLOCK_CAPTURE_AUTORELEASING = YES;
				CLANG_WARN_BOOL_CONVERSION = YES;
				CLANG_WARN_COMMA = YES;
				CLANG_WARN_CONSTANT_CONVERSION = YES;
				CLANG_WARN_DEPRECATED_OBJC_IMPLEMENTATIONS = YES;
				CLANG_WARN_DIRECT_OBJC_ISA_USAGE = YES_ERROR;
				CLANG_WARN_DOCUMENTATION_COMMENTS = YES;
				CLANG_WARN_EMPTY_BODY = YES;
				CLANG_WARN_ENUM_CONVERSION = YES;
				CLANG_WARN_INFINITE_RECURSION = YES;
				CLANG_WARN_INT_CONVERSION = YES;
				CLANG_WARN_NON_LITERAL_NULL_CONVERSION = YES;
				CLANG_WARN_OBJC_IMPLICIT_RETAIN_SELF = YES;
				CLANG_WARN_OBJC_LITERAL_CONVERSION = YES;
				CLANG_WARN_OBJC_ROOT_CLASS = YES_ERROR;
				CLANG_WARN_QUOTED_INCLUDE_IN_FRAMEWORK_HEADER = YES;
				CLANG_WARN_RANGE_LOOP_ANALYSIS = YES;
				CLANG_WARN_STRICT_PROTOTYPES = YES;
				CLANG_WARN_SUSPICIOUS_MOVE = YES;
				CLANG_WARN_UNGUARDED_AVAILABILITY = YES_AGGRESSIVE;
				CLANG_WARN_UNREACHABLE_CODE = YES;
				CLANG_WARN__DUPLICATE_METHOD_MATCH = YES;
				COPY_PHASE_STRIP = NO;
				DEBUG_INFORMATION_FORMAT = dwarf;
				ENABLE_STRICT_OBJC_MSGSEND = YES;
				ENABLE_TESTABILITY = YES;
				GCC_C_LANGUAGE_STANDARD = gnu11;
				GCC_DYNAMIC_NO_PIC = NO;
				GCC_NO_COMMON_BLOCKS = YES;
				GCC_OPTIMIZATION_LEVEL = 0;
				GCC_PREPROCESSOR_DEFINITIONS = (
					"DEBUG=1",
					"$(inherited)",
				);
				GCC_WARN_64_TO_32_BIT_CONVERSION = YES;
				GCC_WARN_ABOUT_RETURN_TYPE = YES_ERROR;
				GCC_WARN_UNDECLARED_SELECTOR = YES;
				GCC_WARN_UNINITIALIZED_AUTOS = YES_AGGRESSIVE;
				GCC_WARN_UNUSED_FUNCTION = YES;
				GCC_WARN_UNUSED_VARIABLE = YES;
				IPHONEOS_DEPLOYMENT_TARGET = 14.5;
				MTL_ENABLE_DEBUG_INFO = INCLUDE_SOURCE;
				MTL_FAST_MATH = YES;
				ONLY_ACTIVE_ARCH = YES;
				SDKROOT = iphoneos;
				SWIFT_ACTIVE_COMPILATION_CONDITIONS = DEBUG;
				SWIFT_OPTIMIZATION_LEVEL = "-Onone";
			};
			name = Debug;
		};
		29A548FE2703EF8E0097A591 /* Release */ = {
			isa = XCBuildConfiguration;
			buildSettings = {
				ALWAYS_SEARCH_USER_PATHS = NO;
				CLANG_ANALYZER_NONNULL = YES;
				CLANG_ANALYZER_NUMBER_OBJECT_CONVERSION = YES_AGGRESSIVE;
				CLANG_CXX_LANGUAGE_STANDARD = "gnu++14";
				CLANG_CXX_LIBRARY = "libc++";
				CLANG_ENABLE_MODULES = YES;
				CLANG_ENABLE_OBJC_ARC = YES;
				CLANG_ENABLE_OBJC_WEAK = YES;
				CLANG_WARN_BLOCK_CAPTURE_AUTORELEASING = YES;
				CLANG_WARN_BOOL_CONVERSION = YES;
				CLANG_WARN_COMMA = YES;
				CLANG_WARN_CONSTANT_CONVERSION = YES;
				CLANG_WARN_DEPRECATED_OBJC_IMPLEMENTATIONS = YES;
				CLANG_WARN_DIRECT_OBJC_ISA_USAGE = YES_ERROR;
				CLANG_WARN_DOCUMENTATION_COMMENTS = YES;
				CLANG_WARN_EMPTY_BODY = YES;
				CLANG_WARN_ENUM_CONVERSION = YES;
				CLANG_WARN_INFINITE_RECURSION = YES;
				CLANG_WARN_INT_CONVERSION = YES;
				CLANG_WARN_NON_LITERAL_NULL_CONVERSION = YES;
				CLANG_WARN_OBJC_IMPLICIT_RETAIN_SELF = YES;
				CLANG_WARN_OBJC_LITERAL_CONVERSION = YES;
				CLANG_WARN_OBJC_ROOT_CLASS = YES_ERROR;
				CLANG_WARN_QUOTED_INCLUDE_IN_FRAMEWORK_HEADER = YES;
				CLANG_WARN_RANGE_LOOP_ANALYSIS = YES;
				CLANG_WARN_STRICT_PROTOTYPES = YES;
				CLANG_WARN_SUSPICIOUS_MOVE = YES;
				CLANG_WARN_UNGUARDED_AVAILABILITY = YES_AGGRESSIVE;
				CLANG_WARN_UNREACHABLE_CODE = YES;
				CLANG_WARN__DUPLICATE_METHOD_MATCH = YES;
				COPY_PHASE_STRIP = NO;
				DEBUG_INFORMATION_FORMAT = "dwarf-with-dsym";
				ENABLE_NS_ASSERTIONS = NO;
				ENABLE_STRICT_OBJC_MSGSEND = YES;
				GCC_C_LANGUAGE_STANDARD = gnu11;
				GCC_NO_COMMON_BLOCKS = YES;
				GCC_WARN_64_TO_32_BIT_CONVERSION = YES;
				GCC_WARN_ABOUT_RETURN_TYPE = YES_ERROR;
				GCC_WARN_UNDECLARED_SELECTOR = YES;
				GCC_WARN_UNINITIALIZED_AUTOS = YES_AGGRESSIVE;
				GCC_WARN_UNUSED_FUNCTION = YES;
				GCC_WARN_UNUSED_VARIABLE = YES;
				IPHONEOS_DEPLOYMENT_TARGET = 14.5;
				MTL_ENABLE_DEBUG_INFO = NO;
				MTL_FAST_MATH = YES;
				SDKROOT = iphoneos;
				SWIFT_COMPILATION_MODE = wholemodule;
				SWIFT_OPTIMIZATION_LEVEL = "-O";
				VALIDATE_PRODUCT = YES;
			};
			name = Release;
		};
		29A549002703EF8E0097A591 /* Debug */ = {
			isa = XCBuildConfiguration;
			baseConfigurationReference = F3E05561771AC3DC361C0E61 /* Pods-Postgram.debug.xcconfig */;
			buildSettings = {
				ASSETCATALOG_COMPILER_APPICON_NAME = AppIcon;
				ASSETCATALOG_COMPILER_GLOBAL_ACCENT_COLOR_NAME = AccentColor;
				CODE_SIGN_STYLE = Automatic;
				INFOPLIST_FILE = Postgram/Info.plist;
				LD_RUNPATH_SEARCH_PATHS = (
					"$(inherited)",
					"@executable_path/Frameworks",
				);
				PRODUCT_BUNDLE_IDENTIFIER = izlatkin.Postgram;
				PRODUCT_NAME = "$(TARGET_NAME)";
				SWIFT_VERSION = 5.0;
				TARGETED_DEVICE_FAMILY = "1,2";
			};
			name = Debug;
		};
		29A549012703EF8E0097A591 /* Release */ = {
			isa = XCBuildConfiguration;
			baseConfigurationReference = 50178BE6035EBCDAC5CDFA7B /* Pods-Postgram.release.xcconfig */;
			buildSettings = {
				ASSETCATALOG_COMPILER_APPICON_NAME = AppIcon;
				ASSETCATALOG_COMPILER_GLOBAL_ACCENT_COLOR_NAME = AccentColor;
				CODE_SIGN_STYLE = Automatic;
				INFOPLIST_FILE = Postgram/Info.plist;
				LD_RUNPATH_SEARCH_PATHS = (
					"$(inherited)",
					"@executable_path/Frameworks",
				);
				PRODUCT_BUNDLE_IDENTIFIER = izlatkin.Postgram;
				PRODUCT_NAME = "$(TARGET_NAME)";
				SWIFT_VERSION = 5.0;
				TARGETED_DEVICE_FAMILY = "1,2";
			};
			name = Release;
		};
		29A549032703EF8E0097A591 /* Debug */ = {
			isa = XCBuildConfiguration;
			baseConfigurationReference = 3CE8DB5FD17958C8C61F92F8 /* Pods-PostgramTests.debug.xcconfig */;
			buildSettings = {
				ALWAYS_EMBED_SWIFT_STANDARD_LIBRARIES = YES;
				BUNDLE_LOADER = "$(TEST_HOST)";
				CODE_SIGN_STYLE = Automatic;
				INFOPLIST_FILE = PostgramTests/Info.plist;
				IPHONEOS_DEPLOYMENT_TARGET = 14.5;
				LD_RUNPATH_SEARCH_PATHS = (
					"$(inherited)",
					"@executable_path/Frameworks",
					"@loader_path/Frameworks",
				);
				PRODUCT_BUNDLE_IDENTIFIER = izlatkin.PostgramTests;
				PRODUCT_NAME = "$(TARGET_NAME)";
				SWIFT_VERSION = 5.0;
				TARGETED_DEVICE_FAMILY = "1,2";
				TEST_HOST = "$(BUILT_PRODUCTS_DIR)/Postgram.app/Postgram";
			};
			name = Debug;
		};
		29A549042703EF8E0097A591 /* Release */ = {
			isa = XCBuildConfiguration;
			baseConfigurationReference = E7D731D0F78885F45F29C60D /* Pods-PostgramTests.release.xcconfig */;
			buildSettings = {
				ALWAYS_EMBED_SWIFT_STANDARD_LIBRARIES = YES;
				BUNDLE_LOADER = "$(TEST_HOST)";
				CODE_SIGN_STYLE = Automatic;
				INFOPLIST_FILE = PostgramTests/Info.plist;
				IPHONEOS_DEPLOYMENT_TARGET = 14.5;
				LD_RUNPATH_SEARCH_PATHS = (
					"$(inherited)",
					"@executable_path/Frameworks",
					"@loader_path/Frameworks",
				);
				PRODUCT_BUNDLE_IDENTIFIER = izlatkin.PostgramTests;
				PRODUCT_NAME = "$(TARGET_NAME)";
				SWIFT_VERSION = 5.0;
				TARGETED_DEVICE_FAMILY = "1,2";
				TEST_HOST = "$(BUILT_PRODUCTS_DIR)/Postgram.app/Postgram";
			};
			name = Release;
		};
		29A549062703EF8E0097A591 /* Debug */ = {
			isa = XCBuildConfiguration;
			baseConfigurationReference = B9B4B3AB5AC6BF862A837D98 /* Pods-Postgram-PostgramUITests.debug.xcconfig */;
			buildSettings = {
				ALWAYS_EMBED_SWIFT_STANDARD_LIBRARIES = YES;
				CODE_SIGN_STYLE = Automatic;
				INFOPLIST_FILE = PostgramUITests/Info.plist;
				LD_RUNPATH_SEARCH_PATHS = (
					"$(inherited)",
					"@executable_path/Frameworks",
					"@loader_path/Frameworks",
				);
				PRODUCT_BUNDLE_IDENTIFIER = izlatkin.PostgramUITests;
				PRODUCT_NAME = "$(TARGET_NAME)";
				SWIFT_VERSION = 5.0;
				TARGETED_DEVICE_FAMILY = "1,2";
				TEST_TARGET_NAME = Postgram;
			};
			name = Debug;
		};
		29A549072703EF8E0097A591 /* Release */ = {
			isa = XCBuildConfiguration;
			baseConfigurationReference = BAA598D8FE0B4E8D5A082A3D /* Pods-Postgram-PostgramUITests.release.xcconfig */;
			buildSettings = {
				ALWAYS_EMBED_SWIFT_STANDARD_LIBRARIES = YES;
				CODE_SIGN_STYLE = Automatic;
				INFOPLIST_FILE = PostgramUITests/Info.plist;
				LD_RUNPATH_SEARCH_PATHS = (
					"$(inherited)",
					"@executable_path/Frameworks",
					"@loader_path/Frameworks",
				);
				PRODUCT_BUNDLE_IDENTIFIER = izlatkin.PostgramUITests;
				PRODUCT_NAME = "$(TARGET_NAME)";
				SWIFT_VERSION = 5.0;
				TARGETED_DEVICE_FAMILY = "1,2";
				TEST_TARGET_NAME = Postgram;
			};
			name = Release;
		};
/* End XCBuildConfiguration section */

/* Begin XCConfigurationList section */
		29A548D02703EF8A0097A591 /* Build configuration list for PBXProject "Postgram" */ = {
			isa = XCConfigurationList;
			buildConfigurations = (
				29A548FD2703EF8E0097A591 /* Debug */,
				29A548FE2703EF8E0097A591 /* Release */,
			);
			defaultConfigurationIsVisible = 0;
			defaultConfigurationName = Release;
		};
		29A548FF2703EF8E0097A591 /* Build configuration list for PBXNativeTarget "Postgram" */ = {
			isa = XCConfigurationList;
			buildConfigurations = (
				29A549002703EF8E0097A591 /* Debug */,
				29A549012703EF8E0097A591 /* Release */,
			);
			defaultConfigurationIsVisible = 0;
			defaultConfigurationName = Release;
		};
		29A549022703EF8E0097A591 /* Build configuration list for PBXNativeTarget "PostgramTests" */ = {
			isa = XCConfigurationList;
			buildConfigurations = (
				29A549032703EF8E0097A591 /* Debug */,
				29A549042703EF8E0097A591 /* Release */,
			);
			defaultConfigurationIsVisible = 0;
			defaultConfigurationName = Release;
		};
		29A549052703EF8E0097A591 /* Build configuration list for PBXNativeTarget "PostgramUITests" */ = {
			isa = XCConfigurationList;
			buildConfigurations = (
				29A549062703EF8E0097A591 /* Debug */,
				29A549072703EF8E0097A591 /* Release */,
			);
			defaultConfigurationIsVisible = 0;
			defaultConfigurationName = Release;
		};
/* End XCConfigurationList section */
	};
	rootObject = 29A548CD2703EF8A0097A591 /* Project object */;
}
